
Microsoft Visual Studio Solution File, Format Version 12.00
# Visual Studio Version 16
VisualStudioVersion = 16.0.30907.101
MinimumVisualStudioVersion = 10.0.40219.1
Project("{FAE04EC0-301F-11D3-BF4B-00C04F79EFBC}") = "Itbit.WebAPI", "Itbit.WebAPI\Itbit.WebAPI.csproj", "{1D6C3CC3-495C-4548-938D-FADAC894AF1B}"
EndProject
Global
	GlobalSection(SolutionConfigurationPlatforms) = preSolution
		Debug|Any CPU = Debug|Any CPU
		Release|Any CPU = Release|Any CPU
	EndGlobalSection
	GlobalSection(ProjectConfigurationPlatforms) = postSolution
		{1D6C3CC3-495C-4548-938D-FADAC894AF1B}.Debug|Any CPU.ActiveCfg = Debug|Any CPU
		{1D6C3CC3-495C-4548-938D-FADAC894AF1B}.Debug|Any CPU.Build.0 = Debug|Any CPU
		{1D6C3CC3-495C-4548-938D-FADAC894AF1B}.Release|Any CPU.ActiveCfg = Release|Any CPU
		{1D6C3CC3-495C-4548-938D-FADAC894AF1B}.Release|Any CPU.Build.0 = Release|Any CPU
	EndGlobalSection
	GlobalSection(SolutionProperties) = preSolution
		HideSolutionNode = FALSE
	EndGlobalSection
	GlobalSection(ExtensibilityGlobals) = postSolution
		SolutionGuid = {1A5BB686-1857-433A-B316-F8B021F904FF}
	EndGlobalSection
EndGlobal
